
Microsoft Visual Studio Solution File, Format Version 12.00
# Visual Studio Version 16
VisualStudioVersion = 16.0.29318.209
MinimumVisualStudioVersion = 10.0.40219.1
Project("{FAE04EC0-301F-11D3-BF4B-00C04F79EFBC}") = "Indusoft.CalendarPlanning.Common", "Indusoft.CalendarPlanning.Common.csproj", "{0BD206D0-E441-450B-86CE-1513A79DFB6E}"
EndProject
Global
	GlobalSection(SolutionConfigurationPlatforms) = preSolution
		Debug|Any CPU = Debug|Any CPU
		Release|Any CPU = Release|Any CPU
	EndGlobalSection
	GlobalSection(ProjectConfigurationPlatforms) = postSolution
		{0BD206D0-E441-450B-86CE-1513A79DFB6E}.Debug|Any CPU.ActiveCfg = Debug|Any CPU
		{0BD206D0-E441-450B-86CE-1513A79DFB6E}.Debug|Any CPU.Build.0 = Debug|Any CPU
		{0BD206D0-E441-450B-86CE-1513A79DFB6E}.Release|Any CPU.ActiveCfg = Release|Any CPU
		{0BD206D0-E441-450B-86CE-1513A79DFB6E}.Release|Any CPU.Build.0 = Release|Any CPU
	EndGlobalSection
	GlobalSection(SolutionProperties) = preSolution
		HideSolutionNode = FALSE
	EndGlobalSection
	GlobalSection(ExtensibilityGlobals) = postSolution
		SolutionGuid = {76DCB1C9-9C7E-4CB5-AE26-566F65575F50}
	EndGlobalSection
EndGlobal
